
Microsoft Visual Studio Solution File, Format Version 12.00
# Visual Studio 15
VisualStudioVersion = 15.0.26730.3
MinimumVisualStudioVersion = 10.0.40219.1
Project("{FAE04EC0-301F-11D3-BF4B-00C04F79EFBC}") = "FillJarGame", "FillJarGame\FillJarGame.csproj", "{831D9988-8951-4929-B977-9F6EC23E903A}"
EndProject
Global
	GlobalSection(SolutionConfigurationPlatforms) = preSolution
		Debug|Any CPU = Debug|Any CPU
		Release|Any CPU = Release|Any CPU
	EndGlobalSection
	GlobalSection(ProjectConfigurationPlatforms) = postSolution
		{831D9988-8951-4929-B977-9F6EC23E903A}.Debug|Any CPU.ActiveCfg = Debug|Any CPU
		{831D9988-8951-4929-B977-9F6EC23E903A}.Debug|Any CPU.Build.0 = Debug|Any CPU
		{831D9988-8951-4929-B977-9F6EC23E903A}.Release|Any CPU.ActiveCfg = Release|Any CPU
		{831D9988-8951-4929-B977-9F6EC23E903A}.Release|Any CPU.Build.0 = Release|Any CPU
	EndGlobalSection
	GlobalSection(SolutionProperties) = preSolution
		HideSolutionNode = FALSE
	EndGlobalSection
	GlobalSection(ExtensibilityGlobals) = postSolution
		SolutionGuid = {86544A46-FDDB-4C47-8591-BBB6F6369B77}
	EndGlobalSection
EndGlobal
